
Microsoft Visual Studio Solution File, Format Version 12.00
# Visual Studio Version 17
VisualStudioVersion = 17.8.34525.116
MinimumVisualStudioVersion = 10.0.40219.1
Project("{8BC9CEB8-8B4A-11D0-8D11-00A0C91BC942}") = "Factors a Number Calculator", "Factors a Number Calculator.vcxproj", "{C4FE828D-A7BC-45A4-80AB-506786FEAE8B}"
EndProject
Global
	GlobalSection(SolutionConfigurationPlatforms) = preSolution
		Debug|x64 = Debug|x64
		Debug|x86 = Debug|x86
		Release|x64 = Release|x64
		Release|x86 = Release|x86
	EndGlobalSection
	GlobalSection(ProjectConfigurationPlatforms) = postSolution
		{C4FE828D-A7BC-45A4-80AB-506786FEAE8B}.Debug|x64.ActiveCfg = Debug|x64
		{C4FE828D-A7BC-45A4-80AB-506786FEAE8B}.Debug|x64.Build.0 = Debug|x64
		{C4FE828D-A7BC-45A4-80AB-506786FEAE8B}.Debug|x86.ActiveCfg = Debug|Win32
		{C4FE828D-A7BC-45A4-80AB-506786FEAE8B}.Debug|x86.Build.0 = Debug|Win32
		{C4FE828D-A7BC-45A4-80AB-506786FEAE8B}.Release|x64.ActiveCfg = Release|x64
		{C4FE828D-A7BC-45A4-80AB-506786FEAE8B}.Release|x64.Build.0 = Release|x64
		{C4FE828D-A7BC-45A4-80AB-506786FEAE8B}.Release|x86.ActiveCfg = Release|Win32
		{C4FE828D-A7BC-45A4-80AB-506786FEAE8B}.Release|x86.Build.0 = Release|Win32
	EndGlobalSection
	GlobalSection(SolutionProperties) = preSolution
		HideSolutionNode = FALSE
	EndGlobalSection
	GlobalSection(ExtensibilityGlobals) = postSolution
		SolutionGuid = {92F53C70-5335-4FF1-933D-BC589A87FEA2}
	EndGlobalSection
EndGlobal
